
Microsoft Visual Studio Solution File, Format Version 12.00
# Visual Studio Version 16
VisualStudioVersion = 16.0.29728.190
MinimumVisualStudioVersion = 10.0.40219.1
Project("{FAE04EC0-301F-11D3-BF4B-00C04F79EFBC}") = "Test_Kaffa_000.Web", "Test_kaffa_000\Test_Kaffa_000.Web.csproj", "{C70921DE-84C4-43BD-A7DA-056B6B871C2D}"
EndProject
Project("{FAE04EC0-301F-11D3-BF4B-00C04F79EFBC}") = "Test_Kaffa_000.Domain", "Test_Kaffa_000.Domain\Test_Kaffa_000.Domain.csproj", "{D3B844B5-A7FE-4141-A4BA-FB762BC525CA}"
EndProject
Project("{FAE04EC0-301F-11D3-BF4B-00C04F79EFBC}") = "Test_Kaffa_000.Repository", "Test_kaffa_000.Repository\Test_Kaffa_000.Repository.csproj", "{8FAB4F5F-326C-4DC2-B74A-CEBA036ED9AA}"
EndProject
Global
	GlobalSection(SolutionConfigurationPlatforms) = preSolution
		Debug|Any CPU = Debug|Any CPU
		Release|Any CPU = Release|Any CPU
	EndGlobalSection
	GlobalSection(ProjectConfigurationPlatforms) = postSolution
		{C70921DE-84C4-43BD-A7DA-056B6B871C2D}.Debug|Any CPU.ActiveCfg = Debug|Any CPU
		{C70921DE-84C4-43BD-A7DA-056B6B871C2D}.Debug|Any CPU.Build.0 = Debug|Any CPU
		{C70921DE-84C4-43BD-A7DA-056B6B871C2D}.Release|Any CPU.ActiveCfg = Release|Any CPU
		{C70921DE-84C4-43BD-A7DA-056B6B871C2D}.Release|Any CPU.Build.0 = Release|Any CPU
		{D3B844B5-A7FE-4141-A4BA-FB762BC525CA}.Debug|Any CPU.ActiveCfg = Debug|Any CPU
		{D3B844B5-A7FE-4141-A4BA-FB762BC525CA}.Debug|Any CPU.Build.0 = Debug|Any CPU
		{D3B844B5-A7FE-4141-A4BA-FB762BC525CA}.Release|Any CPU.ActiveCfg = Release|Any CPU
		{D3B844B5-A7FE-4141-A4BA-FB762BC525CA}.Release|Any CPU.Build.0 = Release|Any CPU
		{8FAB4F5F-326C-4DC2-B74A-CEBA036ED9AA}.Debug|Any CPU.ActiveCfg = Debug|Any CPU
		{8FAB4F5F-326C-4DC2-B74A-CEBA036ED9AA}.Debug|Any CPU.Build.0 = Debug|Any CPU
		{8FAB4F5F-326C-4DC2-B74A-CEBA036ED9AA}.Release|Any CPU.ActiveCfg = Release|Any CPU
		{8FAB4F5F-326C-4DC2-B74A-CEBA036ED9AA}.Release|Any CPU.Build.0 = Release|Any CPU
	EndGlobalSection
	GlobalSection(SolutionProperties) = preSolution
		HideSolutionNode = FALSE
	EndGlobalSection
	GlobalSection(ExtensibilityGlobals) = postSolution
		SolutionGuid = {CE87D6E9-8874-42FE-AA77-26707AABDA80}
	EndGlobalSection
EndGlobal
